
Microsoft Visual Studio Solution File, Format Version 12.00
# Visual Studio Version 17
VisualStudioVersion = 17.12.35521.163
MinimumVisualStudioVersion = 10.0.40219.1
Project("{FAE04EC0-301F-11D3-BF4B-00C04F79EFBC}") = "JuniorTechTest", "JuniorTechTest\JuniorTechTest.csproj", "{676733BF-AA3E-416F-A3F1-D3D1C39A886A}"
EndProject
Project("{FAE04EC0-301F-11D3-BF4B-00C04F79EFBC}") = "JuniorTechTest.Tests", "JuniorTechTest.Tests\JuniorTechTest.Tests.csproj", "{9E017CE7-1B60-4AC0-9CB4-F54A778D2824}"
EndProject
Global
	GlobalSection(SolutionConfigurationPlatforms) = preSolution
		Debug|Any CPU = Debug|Any CPU
		Release|Any CPU = Release|Any CPU
	EndGlobalSection
	GlobalSection(ProjectConfigurationPlatforms) = postSolution
		{676733BF-AA3E-416F-A3F1-D3D1C39A886A}.Debug|Any CPU.ActiveCfg = Debug|Any CPU
		{676733BF-AA3E-416F-A3F1-D3D1C39A886A}.Debug|Any CPU.Build.0 = Debug|Any CPU
		{676733BF-AA3E-416F-A3F1-D3D1C39A886A}.Release|Any CPU.ActiveCfg = Release|Any CPU
		{676733BF-AA3E-416F-A3F1-D3D1C39A886A}.Release|Any CPU.Build.0 = Release|Any CPU
		{9E017CE7-1B60-4AC0-9CB4-F54A778D2824}.Debug|Any CPU.ActiveCfg = Debug|Any CPU
		{9E017CE7-1B60-4AC0-9CB4-F54A778D2824}.Debug|Any CPU.Build.0 = Debug|Any CPU
		{9E017CE7-1B60-4AC0-9CB4-F54A778D2824}.Release|Any CPU.ActiveCfg = Release|Any CPU
		{9E017CE7-1B60-4AC0-9CB4-F54A778D2824}.Release|Any CPU.Build.0 = Release|Any CPU
	EndGlobalSection
	GlobalSection(SolutionProperties) = preSolution
		HideSolutionNode = FALSE
	EndGlobalSection
EndGlobal
